// !$*UTF8*$!
{
	archiveVersion = 1;
	classes = {
	};
	objectVersion = 46;
	objects = {

/* Begin PBXBuildFile section */
		100AC6B11E21324B00BA2B1D /* AppDelegate.swift in Sources */ = {isa = PBXBuildFile; fileRef = 100AC6B01E21324B00BA2B1D /* AppDelegate.swift */; };
		100AC6B31E21324B00BA2B1D /* ViewController.swift in Sources */ = {isa = PBXBuildFile; fileRef = 100AC6B21E21324B00BA2B1D /* ViewController.swift */; };
		100AC6B61E21324B00BA2B1D /* Main.storyboard in Resources */ = {isa = PBXBuildFile; fileRef = 100AC6B41E21324B00BA2B1D /* Main.storyboard */; };
		100AC6B91E21324B00BA2B1D /* Running_app.xcdatamodeld in Sources */ = {isa = PBXBuildFile; fileRef = 100AC6B71E21324B00BA2B1D /* Running_app.xcdatamodeld */; };
		100AC6BB1E21324B00BA2B1D /* Assets.xcassets in Resources */ = {isa = PBXBuildFile; fileRef = 100AC6BA1E21324B00BA2B1D /* Assets.xcassets */; };
		100AC6BE1E21324B00BA2B1D /* LaunchScreen.storyboard in Resources */ = {isa = PBXBuildFile; fileRef = 100AC6BC1E21324B00BA2B1D /* LaunchScreen.storyboard */; };
/* End PBXBuildFile section */

/* Begin PBXFileReference section */
		100AC6AD1E21324B00BA2B1D /* Running app.app */ = {isa = PBXFileReference; explicitFileType = wrapper.application; includeInIndex = 0; path = "Running app.app"; sourceTree = BUILT_PRODUCTS_DIR; };
		100AC6B01E21324B00BA2B1D /* AppDelegate.swift */ = {isa = PBXFileReference; lastKnownFileType = sourcecode.swift; path = AppDelegate.swift; sourceTree = "<group>"; };
		100AC6B21E21324B00BA2B1D /* ViewController.swift */ = {isa = PBXFileReference; lastKnownFileType = sourcecode.swift; path = ViewController.swift; sourceTree = "<group>"; };
		100AC6B51E21324B00BA2B1D /* Base */ = {isa = PBXFileReference; lastKnownFileType = file.storyboard; name = Base; path = Base.lproj/Main.storyboard; sourceTree = "<group>"; };
		100AC6B81E21324B00BA2B1D /* Running_app.xcdatamodel */ = {isa = PBXFileReference; lastKnownFileType = wrapper.xcdatamodel; path = Running_app.xcdatamodel; sourceTree = "<group>"; };
		100AC6BA1E21324B00BA2B1D /* Assets.xcassets */ = {isa = PBXFileReference; lastKnownFileType = folder.assetcatalog; path = Assets.xcassets; sourceTree = "<group>"; };
		100AC6BD1E21324B00BA2B1D /* Base */ = {isa = PBXFileReference; lastKnownFileType = file.storyboard; name = Base; path = Base.lproj/LaunchScreen.storyboard; sourceTree = "<group>"; };
		100AC6BF1E21324B00BA2B1D /* Info.plist */ = {isa = PBXFileReference; lastKnownFileType = text.plist.xml; path = Info.plist; sourceTree = "<group>"; };
/* End PBXFileReference section */

/* Begin PBXFrameworksBuildPhase section */
		100AC6AA1E21324B00BA2B1D /* Frameworks */ = {
			isa = PBXFrameworksBuildPhase;
			buildActionMask = 2147483647;
			files = (
			);
			runOnlyForDeploymentPostprocessing = 0;
		};
/* End PBXFrameworksBuildPhase section */

/* Begin PBXGroup section */
		100AC6A41E21324B00BA2B1D = {
			isa = PBXGroup;
			children = (
				100AC6AF1E21324B00BA2B1D /* Running app */,
				100AC6AE1E21324B00BA2B1D /* Products */,
			);
			sourceTree = "<group>";
		};
		100AC6AE1E21324B00BA2B1D /* Products */ = {
			isa = PBXGroup;
			children = (
				100AC6AD1E21324B00BA2B1D /* Running app.app */,
			);
			name = Products;
			sourceTree = "<group>";
		};
		100AC6AF1E21324B00BA2B1D /* Running app */ = {
			isa = PBXGroup;
			children = (
				100AC6B01E21324B00BA2B1D /* AppDelegate.swift */,
				100AC6B21E21324B00BA2B1D /* ViewController.swift */,
				100AC6B41E21324B00BA2B1D /* Main.storyboard */,
				100AC6BA1E21324B00BA2B1D /* Assets.xcassets */,
				100AC6BC1E21324B00BA2B1D /* LaunchScreen.storyboard */,
				100AC6BF1E21324B00BA2B1D /* Info.plist */,
				100AC6B71E21324B00BA2B1D /* Running_app.xcdatamodeld */,
			);
			path = "Running app";
			sourceTree = "<group>";
		};
/* End PBXGroup section */

/* Begin PBXNativeTarget section */
		100AC6AC1E21324B00BA2B1D /* Running app */ = {
			isa = PBXNativeTarget;
			buildConfigurationList = 100AC6C21E21324B00BA2B1D /* Build configuration list for PBXNativeTarget "Running app" */;
			buildPhases = (
				100AC6A91E21324B00BA2B1D /* Sources */,
				100AC6AA1E21324B00BA2B1D /* Frameworks */,
				100AC6AB1E21324B00BA2B1D /* Resources */,
			);
			buildRules = (
			);
			dependencies = (
			);
			name = "Running app";
			productName = "Running app";
			productReference = 100AC6AD1E21324B00BA2B1D /* Running app.app */;
			productType = "com.apple.product-type.application";
		};
/* End PBXNativeTarget section */

/* Begin PBXProject section */
		100AC6A51E21324B00BA2B1D /* Project object */ = {
			isa = PBXProject;
			attributes = {
				LastSwiftUpdateCheck = 0820;
				LastUpgradeCheck = 0820;
				ORGANIZATIONNAME = Bodang;
				TargetAttributes = {
					100AC6AC1E21324B00BA2B1D = {
						CreatedOnToolsVersion = 8.2.1;
						DevelopmentTeam = JTJGNKT4RV;
						ProvisioningStyle = Automatic;
					};
				};
			};
			buildConfigurationList = 100AC6A81E21324B00BA2B1D /* Build configuration list for PBXProject "Running app" */;
			compatibilityVersion = "Xcode 3.2";
			developmentRegion = English;
			hasScannedForEncodings = 0;
			knownRegions = (
				en,
				Base,
			);
			mainGroup = 100AC6A41E21324B00BA2B1D;
			productRefGroup = 100AC6AE1E21324B00BA2B1D /* Products */;
			projectDirPath = "";
			projectRoot = "";
			targets = (
				100AC6AC1E21324B00BA2B1D /* Running app */,
			);
		};
/* End PBXProject section */

/* Begin PBXResourcesBuildPhase section */
		100AC6AB1E21324B00BA2B1D /* Resources */ = {
			isa = PBXResourcesBuildPhase;
			buildActionMask = 2147483647;
			files = (
				100AC6BE1E21324B00BA2B1D /* LaunchScreen.storyboard in Resources */,
				100AC6BB1E21324B00BA2B1D /* Assets.xcassets in Resources */,
				100AC6B61E21324B00BA2B1D /* Main.storyboard in Resources */,
			);
			runOnlyForDeploymentPostprocessing = 0;
		};
/* End PBXResourcesBuildPhase section */

/* Begin PBXSourcesBuildPhase section */
		100AC6A91E21324B00BA2B1D /* Sources */ = {
			isa = PBXSourcesBuildPhase;
			buildActionMask = 2147483647;
			files = (
				100AC6B91E21324B00BA2B1D /* Running_app.xcdatamodeld in Sources */,
				100AC6B31E21324B00BA2B1D /* ViewController.swift in Sources */,
				100AC6B11E21324B00BA2B1D /* AppDelegate.swift in Sources */,
			);
			runOnlyForDeploymentPostprocessing = 0;
		};
/* End PBXSourcesBuildPhase section */

/* Begin PBXVariantGroup section */
		100AC6B41E21324B00BA2B1D /* Main.storyboard */ = {
			isa = PBXVariantGroup;
			children = (
				100AC6B51E21324B00BA2B1D /* Base */,
			);
			name = Main.storyboard;
			sourceTree = "<group>";
		};
		100AC6BC1E21324B00BA2B1D /* LaunchScreen.storyboard */ = {
			isa = PBXVariantGroup;
			children = (
				100AC6BD1E21324B00BA2B1D /* Base */,
			);
			name = LaunchScreen.storyboard;
			sourceTree = "<group>";
		};
/* End PBXVariantGroup section */

/* Begin XCBuildConfiguration section */
		100AC6C01E21324B00BA2B1D /* Debug */ = {
			isa = XCBuildConfiguration;
			buildSettings = {
				ALWAYS_SEARCH_USER_PATHS = NO;
				CLANG_ANALYZER_NONNULL = YES;
				CLANG_CXX_LANGUAGE_STANDARD = "gnu++0x";
				CLANG_CXX_LIBRARY = "libc++";
				CLANG_ENABLE_MODULES = YES;
				CLANG_ENABLE_OBJC_ARC = YES;
				CLANG_WARN_BOOL_CONVERSION = YES;
				CLANG_WARN_CONSTANT_CONVERSION = YES;
				CLANG_WARN_DIRECT_OBJC_ISA_USAGE = YES_ERROR;
				CLANG_WARN_DOCUMENTATION_COMMENTS = YES;
				CLANG_WARN_EMPTY_BODY = YES;
				CLANG_WARN_ENUM_CONVERSION = YES;
				CLANG_WARN_INFINITE_RECURSION = YES;
				CLANG_WARN_INT_CONVERSION = YES;
				CLANG_WARN_OBJC_ROOT_CLASS = YES_ERROR;
				CLANG_WARN_SUSPICIOUS_MOVE = YES;
				CLANG_WARN_UNREACHABLE_CODE = YES;
				CLANG_WARN__DUPLICATE_METHOD_MATCH = YES;
				"CODE_SIGN_IDENTITY[sdk=iphoneos*]" = "iPhone Developer";
				COPY_PHASE_STRIP = NO;
				DEBUG_INFORMATION_FORMAT = dwarf;
				ENABLE_STRICT_OBJC_MSGSEND = YES;
				ENABLE_TESTABILITY = YES;
				GCC_C_LANGUAGE_STANDARD = gnu99;
				GCC_DYNAMIC_NO_PIC = NO;
				GCC_NO_COMMON_BLOCKS = YES;
				GCC_OPTIMIZATION_LEVEL = 0;
				GCC_PREPROCESSOR_DEFINITIONS = (
					"DEBUG=1",
					"$(inherited)",
				);
				GCC_WARN_64_TO_32_BIT_CONVERSION = YES;
				GCC_WARN_ABOUT_RETURN_TYPE = YES_ERROR;
				GCC_WARN_UNDECLARED_SELECTOR = YES;
				GCC_WARN_UNINITIALIZED_AUTOS = YES_AGGRESSIVE;
				GCC_WARN_UNUSED_FUNCTION = YES;
				GCC_WARN_UNUSED_VARIABLE = YES;
				IPHONEOS_DEPLOYMENT_TARGET = 10.2;
				MTL_ENABLE_DEBUG_INFO = YES;
				ONLY_ACTIVE_ARCH = YES;
				SDKROOT = iphoneos;
				SWIFT_ACTIVE_COMPILATION_CONDITIONS = DEBUG;
				SWIFT_OPTIMIZATION_LEVEL = "-Onone";
			};
			name = Debug;
		};
		100AC6C11E21324B00BA2B1D /* Release */ = {
			isa = XCBuildConfiguration;
			buildSettings = {
				ALWAYS_SEARCH_USER_PATHS = NO;
				CLANG_ANALYZER_NONNULL = YES;
				CLANG_CXX_LANGUAGE_STANDARD = "gnu++0x";
				CLANG_CXX_LIBRARY = "libc++";
				CLANG_ENABLE_MODULES = YES;
				CLANG_ENABLE_OBJC_ARC = YES;
				CLANG_WARN_BOOL_CONVERSION = YES;
				CLANG_WARN_CONSTANT_CONVERSION = YES;
				CLANG_WARN_DIRECT_OBJC_ISA_USAGE = YES_ERROR;
				CLANG_WARN_DOCUMENTATION_COMMENTS = YES;
				CLANG_WARN_EMPTY_BODY = YES;
				CLANG_WARN_ENUM_CONVERSION = YES;
				CLANG_WARN_INFINITE_RECURSION = YES;
				CLANG_WARN_INT_CONVERSION = YES;
				CLANG_WARN_OBJC_ROOT_CLASS = YES_ERROR;
				CLANG_WARN_SUSPICIOUS_MOVE = YES;
				CLANG_WARN_UNREACHABLE_CODE = YES;
				CLANG_WARN__DUPLICATE_METHOD_MATCH = YES;
				"CODE_SIGN_IDENTITY[sdk=iphoneos*]" = "iPhone Developer";
				COPY_PHASE_STRIP = NO;
				DEBUG_INFORMATION_FORMAT = "dwarf-with-dsym";
				ENABLE_NS_ASSERTIONS = NO;
				ENABLE_STRICT_OBJC_MSGSEND = YES;
				GCC_C_LANGUAGE_STANDARD = gnu99;
				GCC_NO_COMMON_BLOCKS = YES;
				GCC_WARN_64_TO_32_BIT_CONVERSION = YES;
				GCC_WARN_ABOUT_RETURN_TYPE = YES_ERROR;
				GCC_WARN_UNDECLARED_SELECTOR = YES;
				GCC_WARN_UNINITIALIZED_AUTOS = YES_AGGRESSIVE;
				GCC_WARN_UNUSED_FUNCTION = YES;
				GCC_WARN_UNUSED_VARIABLE = YES;
				IPHONEOS_DEPLOYMENT_TARGET = 10.2;
				MTL_ENABLE_DEBUG_INFO = NO;
				SDKROOT = iphoneos;
				SWIFT_OPTIMIZATION_LEVEL = "-Owholemodule";
				VALIDATE_PRODUCT = YES;
			};
			name = Release;
		};
		100AC6C31E21324B00BA2B1D /* Debug */ = {
			isa = XCBuildConfiguration;
			buildSettings = {
				ASSETCATALOG_COMPILER_APPICON_NAME = AppIcon;
				DEVELOPMENT_TEAM = JTJGNKT4RV;
				INFOPLIST_FILE = "Running app/Info.plist";
				LD_RUNPATH_SEARCH_PATHS = "$(inherited) @executable_path/Frameworks";
				PRODUCT_BUNDLE_IDENTIFIER = "come.Bodang.Running-app";
				PRODUCT_NAME = "$(TARGET_NAME)";
				SWIFT_VERSION = 3.0;
			};
			name = Debug;
		};
		100AC6C41E21324B00BA2B1D /* Release */ = {
			isa = XCBuildConfiguration;
			buildSettings = {
				ASSETCATALOG_COMPILER_APPICON_NAME = AppIcon;
				DEVELOPMENT_TEAM = JTJGNKT4RV;
				INFOPLIST_FILE = "Running app/Info.plist";
				LD_RUNPATH_SEARCH_PATHS = "$(inherited) @executable_path/Frameworks";
				PRODUCT_BUNDLE_IDENTIFIER = "come.Bodang.Running-app";
				PRODUCT_NAME = "$(TARGET_NAME)";
				SWIFT_VERSION = 3.0;
			};
			name = Release;
		};
/* End XCBuildConfiguration section */

/* Begin XCConfigurationList section */
		100AC6A81E21324B00BA2B1D /* Build configuration list for PBXProject "Running app" */ = {
			isa = XCConfigurationList;
			buildConfigurations = (
				100AC6C01E21324B00BA2B1D /* Debug */,
				100AC6C11E21324B00BA2B1D /* Release */,
			);
			defaultConfigurationIsVisible = 0;
			defaultConfigurationName = Release;
		};
		100AC6C21E21324B00BA2B1D /* Build configuration list for PBXNativeTarget "Running app" */ = {
			isa = XCConfigurationList;
			buildConfigurations = (
				100AC6C31E21324B00BA2B1D /* Debug */,
				100AC6C41E21324B00BA2B1D /* Release */,
			);
			defaultConfigurationIsVisible = 0;
		};
/* End XCConfigurationList section */

/* Begin XCVersionGroup section */
		100AC6B71E21324B00BA2B1D /* Running_app.xcdatamodeld */ = {
			isa = XCVersionGroup;
			children = (
				100AC6B81E21324B00BA2B1D /* Running_app.xcdatamodel */,
			);
			currentVersion = 100AC6B81E21324B00BA2B1D /* Running_app.xcdatamodel */;
			path = Running_app.xcdatamodeld;
			sourceTree = "<group>";
			versionGroupType = wrapper.xcdatamodel;
		};
/* End XCVersionGroup section */
	};
	rootObject = 100AC6A51E21324B00BA2B1D /* Project object */;
}
